
Microsoft Visual Studio Solution File, Format Version 12.00
# Visual Studio Version 16
VisualStudioVersion = 16.0.30717.126
MinimumVisualStudioVersion = 10.0.40219.1
Project("{8BC9CEB8-8B4A-11D0-8D11-00A0C91BC942}") = "Pattern-Program-Cpp", "Pattern-Program-Cpp.vcxproj", "{2D19F7B8-E348-4D72-9E4B-DD80F8F7AE9E}"
EndProject
Global
	GlobalSection(SolutionConfigurationPlatforms) = preSolution
		Debug|x64 = Debug|x64
		Debug|x86 = Debug|x86
		Release|x64 = Release|x64
		Release|x86 = Release|x86
	EndGlobalSection
	GlobalSection(ProjectConfigurationPlatforms) = postSolution
		{2D19F7B8-E348-4D72-9E4B-DD80F8F7AE9E}.Debug|x64.ActiveCfg = Debug|x64
		{2D19F7B8-E348-4D72-9E4B-DD80F8F7AE9E}.Debug|x64.Build.0 = Debug|x64
		{2D19F7B8-E348-4D72-9E4B-DD80F8F7AE9E}.Debug|x86.ActiveCfg = Debug|Win32
		{2D19F7B8-E348-4D72-9E4B-DD80F8F7AE9E}.Debug|x86.Build.0 = Debug|Win32
		{2D19F7B8-E348-4D72-9E4B-DD80F8F7AE9E}.Release|x64.ActiveCfg = Release|x64
		{2D19F7B8-E348-4D72-9E4B-DD80F8F7AE9E}.Release|x64.Build.0 = Release|x64
		{2D19F7B8-E348-4D72-9E4B-DD80F8F7AE9E}.Release|x86.ActiveCfg = Release|Win32
		{2D19F7B8-E348-4D72-9E4B-DD80F8F7AE9E}.Release|x86.Build.0 = Release|Win32
	EndGlobalSection
	GlobalSection(SolutionProperties) = preSolution
		HideSolutionNode = FALSE
	EndGlobalSection
	GlobalSection(ExtensibilityGlobals) = postSolution
		SolutionGuid = {B20FC147-6845-48C5-8277-9308B9959D9F}
	EndGlobalSection
EndGlobal
