
Microsoft Visual Studio Solution File, Format Version 12.00
# Visual Studio Version 16
VisualStudioVersion = 16.0.30804.86
MinimumVisualStudioVersion = 10.0.40219.1
Project("{8BC9CEB8-8B4A-11D0-8D11-00A0C91BC942}") = "Console-Cpp-4", "Console-Cpp-4.vcxproj", "{D1B1897E-105B-4F04-8CA5-00749EF898DE}"
EndProject
Global
	GlobalSection(SolutionConfigurationPlatforms) = preSolution
		Debug|x64 = Debug|x64
		Debug|x86 = Debug|x86
		Release|x64 = Release|x64
		Release|x86 = Release|x86
	EndGlobalSection
	GlobalSection(ProjectConfigurationPlatforms) = postSolution
		{D1B1897E-105B-4F04-8CA5-00749EF898DE}.Debug|x64.ActiveCfg = Debug|x64
		{D1B1897E-105B-4F04-8CA5-00749EF898DE}.Debug|x64.Build.0 = Debug|x64
		{D1B1897E-105B-4F04-8CA5-00749EF898DE}.Debug|x86.ActiveCfg = Debug|Win32
		{D1B1897E-105B-4F04-8CA5-00749EF898DE}.Debug|x86.Build.0 = Debug|Win32
		{D1B1897E-105B-4F04-8CA5-00749EF898DE}.Release|x64.ActiveCfg = Release|x64
		{D1B1897E-105B-4F04-8CA5-00749EF898DE}.Release|x64.Build.0 = Release|x64
		{D1B1897E-105B-4F04-8CA5-00749EF898DE}.Release|x86.ActiveCfg = Release|Win32
		{D1B1897E-105B-4F04-8CA5-00749EF898DE}.Release|x86.Build.0 = Release|Win32
	EndGlobalSection
	GlobalSection(SolutionProperties) = preSolution
		HideSolutionNode = FALSE
	EndGlobalSection
	GlobalSection(ExtensibilityGlobals) = postSolution
		SolutionGuid = {5C8E9920-CAF0-4BC7-8F3D-A0FCE9CF9A62}
	EndGlobalSection
EndGlobal
