
Microsoft Visual Studio Solution File, Format Version 12.00
# Visual Studio Version 16
VisualStudioVersion = 16.0.30804.86
MinimumVisualStudioVersion = 10.0.40219.1
Project("{8BC9CEB8-8B4A-11D0-8D11-00A0C91BC942}") = "Crud-Project-Cpp", "Crud-Project-Cpp.vcxproj", "{08544782-CAD0-4EE7-9C99-014A684249AE}"
EndProject
Global
	GlobalSection(SolutionConfigurationPlatforms) = preSolution
		Debug|x64 = Debug|x64
		Debug|x86 = Debug|x86
		Release|x64 = Release|x64
		Release|x86 = Release|x86
	EndGlobalSection
	GlobalSection(ProjectConfigurationPlatforms) = postSolution
		{08544782-CAD0-4EE7-9C99-014A684249AE}.Debug|x64.ActiveCfg = Debug|x64
		{08544782-CAD0-4EE7-9C99-014A684249AE}.Debug|x64.Build.0 = Debug|x64
		{08544782-CAD0-4EE7-9C99-014A684249AE}.Debug|x86.ActiveCfg = Debug|Win32
		{08544782-CAD0-4EE7-9C99-014A684249AE}.Debug|x86.Build.0 = Debug|Win32
		{08544782-CAD0-4EE7-9C99-014A684249AE}.Release|x64.ActiveCfg = Release|x64
		{08544782-CAD0-4EE7-9C99-014A684249AE}.Release|x64.Build.0 = Release|x64
		{08544782-CAD0-4EE7-9C99-014A684249AE}.Release|x86.ActiveCfg = Release|Win32
		{08544782-CAD0-4EE7-9C99-014A684249AE}.Release|x86.Build.0 = Release|Win32
	EndGlobalSection
	GlobalSection(SolutionProperties) = preSolution
		HideSolutionNode = FALSE
	EndGlobalSection
	GlobalSection(ExtensibilityGlobals) = postSolution
		SolutionGuid = {73CF35E6-D30E-4BA2-9C5B-B70A810A1E40}
	EndGlobalSection
EndGlobal
